
Microsoft Visual Studio Solution File, Format Version 12.00
# Visual Studio Version 17
VisualStudioVersion = 17.2.32519.379
MinimumVisualStudioVersion = 10.0.40219.1
Project("{FAE04EC0-301F-11D3-BF4B-00C04F79EFBC}") = "AOC_Base", "AOC_Base\AOC_Base.csproj", "{C436F4E0-4B4E-4ABD-822C-6368970F258B}"
EndProject
Global
	GlobalSection(SolutionConfigurationPlatforms) = preSolution
		Debug|Any CPU = Debug|Any CPU
		Release|Any CPU = Release|Any CPU
	EndGlobalSection
	GlobalSection(ProjectConfigurationPlatforms) = postSolution
		{C436F4E0-4B4E-4ABD-822C-6368970F258B}.Debug|Any CPU.ActiveCfg = Debug|Any CPU
		{C436F4E0-4B4E-4ABD-822C-6368970F258B}.Debug|Any CPU.Build.0 = Debug|Any CPU
		{C436F4E0-4B4E-4ABD-822C-6368970F258B}.Release|Any CPU.ActiveCfg = Release|Any CPU
		{C436F4E0-4B4E-4ABD-822C-6368970F258B}.Release|Any CPU.Build.0 = Release|Any CPU
	EndGlobalSection
	GlobalSection(SolutionProperties) = preSolution
		HideSolutionNode = FALSE
	EndGlobalSection
	GlobalSection(ExtensibilityGlobals) = postSolution
		SolutionGuid = {1C057999-9AD3-403E-AA2E-9614E8587E34}
	EndGlobalSection
EndGlobal
